// !$*UTF8*$!
{
	archiveVersion = 1;
	classes = {
	};
	objectVersion = 50;
	objects = {

/* Begin PBXBuildFile section */
		2C1B255A2244D96A00AD2E80 /* AppDelegate.swift in Sources */ = {isa = PBXBuildFile; fileRef = 2C1B25592244D96A00AD2E80 /* AppDelegate.swift */; };
		2C1B255C2244D96A00AD2E80 /* ViewController.swift in Sources */ = {isa = PBXBuildFile; fileRef = 2C1B255B2244D96A00AD2E80 /* ViewController.swift */; };
		2C1B255F2244D96A00AD2E80 /* Main.storyboard in Resources */ = {isa = PBXBuildFile; fileRef = 2C1B255D2244D96A00AD2E80 /* Main.storyboard */; };
		2C1B25622244D96A00AD2E80 /* swift_project.xcdatamodeld in Sources */ = {isa = PBXBuildFile; fileRef = 2C1B25602244D96A00AD2E80 /* swift_project.xcdatamodeld */; };
		2C1B25642244D96B00AD2E80 /* Assets.xcassets in Resources */ = {isa = PBXBuildFile; fileRef = 2C1B25632244D96B00AD2E80 /* Assets.xcassets */; };
		2C1B25672244D96B00AD2E80 /* LaunchScreen.storyboard in Resources */ = {isa = PBXBuildFile; fileRef = 2C1B25652244D96B00AD2E80 /* LaunchScreen.storyboard */; };
		2C1B25722244D96B00AD2E80 /* swift_projectTests.swift in Sources */ = {isa = PBXBuildFile; fileRef = 2C1B25712244D96B00AD2E80 /* swift_projectTests.swift */; };
		2C1B257D2244D96B00AD2E80 /* swift_projectUITests.swift in Sources */ = {isa = PBXBuildFile; fileRef = 2C1B257C2244D96B00AD2E80 /* swift_projectUITests.swift */; };
/* End PBXBuildFile section */

/* Begin PBXContainerItemProxy section */
		2C1B256E2244D96B00AD2E80 /* PBXContainerItemProxy */ = {
			isa = PBXContainerItemProxy;
			containerPortal = 2C1B254E2244D96A00AD2E80 /* Project object */;
			proxyType = 1;
			remoteGlobalIDString = 2C1B25552244D96A00AD2E80;
			remoteInfo = swift_project;
		};
		2C1B25792244D96B00AD2E80 /* PBXContainerItemProxy */ = {
			isa = PBXContainerItemProxy;
			containerPortal = 2C1B254E2244D96A00AD2E80 /* Project object */;
			proxyType = 1;
			remoteGlobalIDString = 2C1B25552244D96A00AD2E80;
			remoteInfo = swift_project;
		};
/* End PBXContainerItemProxy section */

/* Begin PBXFileReference section */
		2C1B25562244D96A00AD2E80 /* swift_project.app */ = {isa = PBXFileReference; explicitFileType = wrapper.application; includeInIndex = 0; path = swift_project.app; sourceTree = BUILT_PRODUCTS_DIR; };
		2C1B25592244D96A00AD2E80 /* AppDelegate.swift */ = {isa = PBXFileReference; lastKnownFileType = sourcecode.swift; path = AppDelegate.swift; sourceTree = "<group>"; };
		2C1B255B2244D96A00AD2E80 /* ViewController.swift */ = {isa = PBXFileReference; lastKnownFileType = sourcecode.swift; path = ViewController.swift; sourceTree = "<group>"; };
		2C1B255E2244D96A00AD2E80 /* Base */ = {isa = PBXFileReference; lastKnownFileType = file.storyboard; name = Base; path = Base.lproj/Main.storyboard; sourceTree = "<group>"; };
		2C1B25612244D96A00AD2E80 /* swift_project.xcdatamodel */ = {isa = PBXFileReference; lastKnownFileType = wrapper.xcdatamodel; path = swift_project.xcdatamodel; sourceTree = "<group>"; };
		2C1B25632244D96B00AD2E80 /* Assets.xcassets */ = {isa = PBXFileReference; lastKnownFileType = folder.assetcatalog; path = Assets.xcassets; sourceTree = "<group>"; };
		2C1B25662244D96B00AD2E80 /* Base */ = {isa = PBXFileReference; lastKnownFileType = file.storyboard; name = Base; path = Base.lproj/LaunchScreen.storyboard; sourceTree = "<group>"; };
		2C1B25682244D96B00AD2E80 /* Info.plist */ = {isa = PBXFileReference; lastKnownFileType = text.plist.xml; path = Info.plist; sourceTree = "<group>"; };
		2C1B256D2244D96B00AD2E80 /* swift_projectTests.xctest */ = {isa = PBXFileReference; explicitFileType = wrapper.cfbundle; includeInIndex = 0; path = swift_projectTests.xctest; sourceTree = BUILT_PRODUCTS_DIR; };
		2C1B25712244D96B00AD2E80 /* swift_projectTests.swift */ = {isa = PBXFileReference; lastKnownFileType = sourcecode.swift; path = swift_projectTests.swift; sourceTree = "<group>"; };
		2C1B25732244D96B00AD2E80 /* Info.plist */ = {isa = PBXFileReference; lastKnownFileType = text.plist.xml; path = Info.plist; sourceTree = "<group>"; };
		2C1B25782244D96B00AD2E80 /* swift_projectUITests.xctest */ = {isa = PBXFileReference; explicitFileType = wrapper.cfbundle; includeInIndex = 0; path = swift_projectUITests.xctest; sourceTree = BUILT_PRODUCTS_DIR; };
		2C1B257C2244D96B00AD2E80 /* swift_projectUITests.swift */ = {isa = PBXFileReference; lastKnownFileType = sourcecode.swift; path = swift_projectUITests.swift; sourceTree = "<group>"; };
		2C1B257E2244D96B00AD2E80 /* Info.plist */ = {isa = PBXFileReference; lastKnownFileType = text.plist.xml; path = Info.plist; sourceTree = "<group>"; };
/* End PBXFileReference section */

/* Begin PBXFrameworksBuildPhase section */
		2C1B25532244D96A00AD2E80 /* Frameworks */ = {
			isa = PBXFrameworksBuildPhase;
			buildActionMask = 2147483647;
			files = (
			);
			runOnlyForDeploymentPostprocessing = 0;
		};
		2C1B256A2244D96B00AD2E80 /* Frameworks */ = {
			isa = PBXFrameworksBuildPhase;
			buildActionMask = 2147483647;
			files = (
			);
			runOnlyForDeploymentPostprocessing = 0;
		};
		2C1B25752244D96B00AD2E80 /* Frameworks */ = {
			isa = PBXFrameworksBuildPhase;
			buildActionMask = 2147483647;
			files = (
			);
			runOnlyForDeploymentPostprocessing = 0;
		};
/* End PBXFrameworksBuildPhase section */

/* Begin PBXGroup section */
		2C1B254D2244D96A00AD2E80 = {
			isa = PBXGroup;
			children = (
				2C1B25582244D96A00AD2E80 /* swift_project */,
				2C1B25702244D96B00AD2E80 /* swift_projectTests */,
				2C1B257B2244D96B00AD2E80 /* swift_projectUITests */,
				2C1B25572244D96A00AD2E80 /* Products */,
			);
			sourceTree = "<group>";
		};
		2C1B25572244D96A00AD2E80 /* Products */ = {
			isa = PBXGroup;
			children = (
				2C1B25562244D96A00AD2E80 /* swift_project.app */,
				2C1B256D2244D96B00AD2E80 /* swift_projectTests.xctest */,
				2C1B25782244D96B00AD2E80 /* swift_projectUITests.xctest */,
			);
			name = Products;
			sourceTree = "<group>";
		};
		2C1B25582244D96A00AD2E80 /* swift_project */ = {
			isa = PBXGroup;
			children = (
				2C1B25592244D96A00AD2E80 /* AppDelegate.swift */,
				2C1B255B2244D96A00AD2E80 /* ViewController.swift */,
				2C1B255D2244D96A00AD2E80 /* Main.storyboard */,
				2C1B25632244D96B00AD2E80 /* Assets.xcassets */,
				2C1B25652244D96B00AD2E80 /* LaunchScreen.storyboard */,
				2C1B25682244D96B00AD2E80 /* Info.plist */,
				2C1B25602244D96A00AD2E80 /* swift_project.xcdatamodeld */,
			);
			path = swift_project;
			sourceTree = "<group>";
		};
		2C1B25702244D96B00AD2E80 /* swift_projectTests */ = {
			isa = PBXGroup;
			children = (
				2C1B25712244D96B00AD2E80 /* swift_projectTests.swift */,
				2C1B25732244D96B00AD2E80 /* Info.plist */,
			);
			path = swift_projectTests;
			sourceTree = "<group>";
		};
		2C1B257B2244D96B00AD2E80 /* swift_projectUITests */ = {
			isa = PBXGroup;
			children = (
				2C1B257C2244D96B00AD2E80 /* swift_projectUITests.swift */,
				2C1B257E2244D96B00AD2E80 /* Info.plist */,
			);
			path = swift_projectUITests;
			sourceTree = "<group>";
		};
/* End PBXGroup section */

/* Begin PBXNativeTarget section */
		2C1B25552244D96A00AD2E80 /* swift_project */ = {
			isa = PBXNativeTarget;
			buildConfigurationList = 2C1B25812244D96B00AD2E80 /* Build configuration list for PBXNativeTarget "swift_project" */;
			buildPhases = (
				2C1B25522244D96A00AD2E80 /* Sources */,
				2C1B25532244D96A00AD2E80 /* Frameworks */,
				2C1B25542244D96A00AD2E80 /* Resources */,
			);
			buildRules = (
			);
			dependencies = (
			);
			name = swift_project;
			productName = swift_project;
			productReference = 2C1B25562244D96A00AD2E80 /* swift_project.app */;
			productType = "com.apple.product-type.application";
		};
		2C1B256C2244D96B00AD2E80 /* swift_projectTests */ = {
			isa = PBXNativeTarget;
			buildConfigurationList = 2C1B25842244D96B00AD2E80 /* Build configuration list for PBXNativeTarget "swift_projectTests" */;
			buildPhases = (
				2C1B25692244D96B00AD2E80 /* Sources */,
				2C1B256A2244D96B00AD2E80 /* Frameworks */,
				2C1B256B2244D96B00AD2E80 /* Resources */,
			);
			buildRules = (
			);
			dependencies = (
				2C1B256F2244D96B00AD2E80 /* PBXTargetDependency */,
			);
			name = swift_projectTests;
			productName = swift_projectTests;
			productReference = 2C1B256D2244D96B00AD2E80 /* swift_projectTests.xctest */;
			productType = "com.apple.product-type.bundle.unit-test";
		};
		2C1B25772244D96B00AD2E80 /* swift_projectUITests */ = {
			isa = PBXNativeTarget;
			buildConfigurationList = 2C1B25872244D96B00AD2E80 /* Build configuration list for PBXNativeTarget "swift_projectUITests" */;
			buildPhases = (
				2C1B25742244D96B00AD2E80 /* Sources */,
				2C1B25752244D96B00AD2E80 /* Frameworks */,
				2C1B25762244D96B00AD2E80 /* Resources */,
			);
			buildRules = (
			);
			dependencies = (
				2C1B257A2244D96B00AD2E80 /* PBXTargetDependency */,
			);
			name = swift_projectUITests;
			productName = swift_projectUITests;
			productReference = 2C1B25782244D96B00AD2E80 /* swift_projectUITests.xctest */;
			productType = "com.apple.product-type.bundle.ui-testing";
		};
/* End PBXNativeTarget section */

/* Begin PBXProject section */
		2C1B254E2244D96A00AD2E80 /* Project object */ = {
			isa = PBXProject;
			attributes = {
				LastSwiftUpdateCheck = 1010;
				LastUpgradeCheck = 1010;
				ORGANIZATIONNAME = "REGNART-SANCHEZ";
				TargetAttributes = {
					2C1B25552244D96A00AD2E80 = {
						CreatedOnToolsVersion = 10.1;
					};
					2C1B256C2244D96B00AD2E80 = {
						CreatedOnToolsVersion = 10.1;
						TestTargetID = 2C1B25552244D96A00AD2E80;
					};
					2C1B25772244D96B00AD2E80 = {
						CreatedOnToolsVersion = 10.1;
						TestTargetID = 2C1B25552244D96A00AD2E80;
					};
				};
			};
			buildConfigurationList = 2C1B25512244D96A00AD2E80 /* Build configuration list for PBXProject "swift_project" */;
			compatibilityVersion = "Xcode 9.3";
			developmentRegion = en;
			hasScannedForEncodings = 0;
			knownRegions = (
				en,
				Base,
			);
			mainGroup = 2C1B254D2244D96A00AD2E80;
			productRefGroup = 2C1B25572244D96A00AD2E80 /* Products */;
			projectDirPath = "";
			projectRoot = "";
			targets = (
				2C1B25552244D96A00AD2E80 /* swift_project */,
				2C1B256C2244D96B00AD2E80 /* swift_projectTests */,
				2C1B25772244D96B00AD2E80 /* swift_projectUITests */,
			);
		};
/* End PBXProject section */

/* Begin PBXResourcesBuildPhase section */
		2C1B25542244D96A00AD2E80 /* Resources */ = {
			isa = PBXResourcesBuildPhase;
			buildActionMask = 2147483647;
			files = (
				2C1B25672244D96B00AD2E80 /* LaunchScreen.storyboard in Resources */,
				2C1B25642244D96B00AD2E80 /* Assets.xcassets in Resources */,
				2C1B255F2244D96A00AD2E80 /* Main.storyboard in Resources */,
			);
			runOnlyForDeploymentPostprocessing = 0;
		};
		2C1B256B2244D96B00AD2E80 /* Resources */ = {
			isa = PBXResourcesBuildPhase;
			buildActionMask = 2147483647;
			files = (
			);
			runOnlyForDeploymentPostprocessing = 0;
		};
		2C1B25762244D96B00AD2E80 /* Resources */ = {
			isa = PBXResourcesBuildPhase;
			buildActionMask = 2147483647;
			files = (
			);
			runOnlyForDeploymentPostprocessing = 0;
		};
/* End PBXResourcesBuildPhase section */

/* Begin PBXSourcesBuildPhase section */
		2C1B25522244D96A00AD2E80 /* Sources */ = {
			isa = PBXSourcesBuildPhase;
			buildActionMask = 2147483647;
			files = (
				2C1B255C2244D96A00AD2E80 /* ViewController.swift in Sources */,
				2C1B25622244D96A00AD2E80 /* swift_project.xcdatamodeld in Sources */,
				2C1B255A2244D96A00AD2E80 /* AppDelegate.swift in Sources */,
			);
			runOnlyForDeploymentPostprocessing = 0;
		};
		2C1B25692244D96B00AD2E80 /* Sources */ = {
			isa = PBXSourcesBuildPhase;
			buildActionMask = 2147483647;
			files = (
				2C1B25722244D96B00AD2E80 /* swift_projectTests.swift in Sources */,
			);
			runOnlyForDeploymentPostprocessing = 0;
		};
		2C1B25742244D96B00AD2E80 /* Sources */ = {
			isa = PBXSourcesBuildPhase;
			buildActionMask = 2147483647;
			files = (
				2C1B257D2244D96B00AD2E80 /* swift_projectUITests.swift in Sources */,
			);
			runOnlyForDeploymentPostprocessing = 0;
		};
/* End PBXSourcesBuildPhase section */

/* Begin PBXTargetDependency section */
		2C1B256F2244D96B00AD2E80 /* PBXTargetDependency */ = {
			isa = PBXTargetDependency;
			target = 2C1B25552244D96A00AD2E80 /* swift_project */;
			targetProxy = 2C1B256E2244D96B00AD2E80 /* PBXContainerItemProxy */;
		};
		2C1B257A2244D96B00AD2E80 /* PBXTargetDependency */ = {
			isa = PBXTargetDependency;
			target = 2C1B25552244D96A00AD2E80 /* swift_project */;
			targetProxy = 2C1B25792244D96B00AD2E80 /* PBXContainerItemProxy */;
		};
/* End PBXTargetDependency section */

/* Begin PBXVariantGroup section */
		2C1B255D2244D96A00AD2E80 /* Main.storyboard */ = {
			isa = PBXVariantGroup;
			children = (
				2C1B255E2244D96A00AD2E80 /* Base */,
			);
			name = Main.storyboard;
			sourceTree = "<group>";
		};
		2C1B25652244D96B00AD2E80 /* LaunchScreen.storyboard */ = {
			isa = PBXVariantGroup;
			children = (
				2C1B25662244D96B00AD2E80 /* Base */,
			);
			name = LaunchScreen.storyboard;
			sourceTree = "<group>";
		};
/* End PBXVariantGroup section */

/* Begin XCBuildConfiguration section */
		2C1B257F2244D96B00AD2E80 /* Debug */ = {
			isa = XCBuildConfiguration;
			buildSettings = {
				ALWAYS_SEARCH_USER_PATHS = NO;
				CLANG_ANALYZER_NONNULL = YES;
				CLANG_ANALYZER_NUMBER_OBJECT_CONVERSION = YES_AGGRESSIVE;
				CLANG_CXX_LANGUAGE_STANDARD = "gnu++14";
				CLANG_CXX_LIBRARY = "libc++";
				CLANG_ENABLE_MODULES = YES;
				CLANG_ENABLE_OBJC_ARC = YES;
				CLANG_ENABLE_OBJC_WEAK = YES;
				CLANG_WARN_BLOCK_CAPTURE_AUTORELEASING = YES;
				CLANG_WARN_BOOL_CONVERSION = YES;
				CLANG_WARN_COMMA = YES;
				CLANG_WARN_CONSTANT_CONVERSION = YES;
				CLANG_WARN_DEPRECATED_OBJC_IMPLEMENTATIONS = YES;
				CLANG_WARN_DIRECT_OBJC_ISA_USAGE = YES_ERROR;
				CLANG_WARN_DOCUMENTATION_COMMENTS = YES;
				CLANG_WARN_EMPTY_BODY = YES;
				CLANG_WARN_ENUM_CONVERSION = YES;
				CLANG_WARN_INFINITE_RECURSION = YES;
				CLANG_WARN_INT_CONVERSION = YES;
				CLANG_WARN_NON_LITERAL_NULL_CONVERSION = YES;
				CLANG_WARN_OBJC_IMPLICIT_RETAIN_SELF = YES;
				CLANG_WARN_OBJC_LITERAL_CONVERSION = YES;
				CLANG_WARN_OBJC_ROOT_CLASS = YES_ERROR;
				CLANG_WARN_RANGE_LOOP_ANALYSIS = YES;
				CLANG_WARN_STRICT_PROTOTYPES = YES;
				CLANG_WARN_SUSPICIOUS_MOVE = YES;
				CLANG_WARN_UNGUARDED_AVAILABILITY = YES_AGGRESSIVE;
				CLANG_WARN_UNREACHABLE_CODE = YES;
				CLANG_WARN__DUPLICATE_METHOD_MATCH = YES;
				CODE_SIGN_IDENTITY = "iPhone Developer";
				COPY_PHASE_STRIP = NO;
				DEBUG_INFORMATION_FORMAT = dwarf;
				ENABLE_STRICT_OBJC_MSGSEND = YES;
				ENABLE_TESTABILITY = YES;
				GCC_C_LANGUAGE_STANDARD = gnu11;
				GCC_DYNAMIC_NO_PIC = NO;
				GCC_NO_COMMON_BLOCKS = YES;
				GCC_OPTIMIZATION_LEVEL = 0;
				GCC_PREPROCESSOR_DEFINITIONS = (
					"DEBUG=1",
					"$(inherited)",
				);
				GCC_WARN_64_TO_32_BIT_CONVERSION = YES;
				GCC_WARN_ABOUT_RETURN_TYPE = YES_ERROR;
				GCC_WARN_UNDECLARED_SELECTOR = YES;
				GCC_WARN_UNINITIALIZED_AUTOS = YES_AGGRESSIVE;
				GCC_WARN_UNUSED_FUNCTION = YES;
				GCC_WARN_UNUSED_VARIABLE = YES;
				IPHONEOS_DEPLOYMENT_TARGET = 12.1;
				MTL_ENABLE_DEBUG_INFO = INCLUDE_SOURCE;
				MTL_FAST_MATH = YES;
				ONLY_ACTIVE_ARCH = YES;
				SDKROOT = iphoneos;
				SWIFT_ACTIVE_COMPILATION_CONDITIONS = DEBUG;
				SWIFT_OPTIMIZATION_LEVEL = "-Onone";
			};
			name = Debug;
		};
		2C1B25802244D96B00AD2E80 /* Release */ = {
			isa = XCBuildConfiguration;
			buildSettings = {
				ALWAYS_SEARCH_USER_PATHS = NO;
				CLANG_ANALYZER_NONNULL = YES;
				CLANG_ANALYZER_NUMBER_OBJECT_CONVERSION = YES_AGGRESSIVE;
				CLANG_CXX_LANGUAGE_STANDARD = "gnu++14";
				CLANG_CXX_LIBRARY = "libc++";
				CLANG_ENABLE_MODULES = YES;
				CLANG_ENABLE_OBJC_ARC = YES;
				CLANG_ENABLE_OBJC_WEAK = YES;
				CLANG_WARN_BLOCK_CAPTURE_AUTORELEASING = YES;
				CLANG_WARN_BOOL_CONVERSION = YES;
				CLANG_WARN_COMMA = YES;
				CLANG_WARN_CONSTANT_CONVERSION = YES;
				CLANG_WARN_DEPRECATED_OBJC_IMPLEMENTATIONS = YES;
				CLANG_WARN_DIRECT_OBJC_ISA_USAGE = YES_ERROR;
				CLANG_WARN_DOCUMENTATION_COMMENTS = YES;
				CLANG_WARN_EMPTY_BODY = YES;
				CLANG_WARN_ENUM_CONVERSION = YES;
				CLANG_WARN_INFINITE_RECURSION = YES;
				CLANG_WARN_INT_CONVERSION = YES;
				CLANG_WARN_NON_LITERAL_NULL_CONVERSION = YES;
				CLANG_WARN_OBJC_IMPLICIT_RETAIN_SELF = YES;
				CLANG_WARN_OBJC_LITERAL_CONVERSION = YES;
				CLANG_WARN_OBJC_ROOT_CLASS = YES_ERROR;
				CLANG_WARN_RANGE_LOOP_ANALYSIS = YES;
				CLANG_WARN_STRICT_PROTOTYPES = YES;
				CLANG_WARN_SUSPICIOUS_MOVE = YES;
				CLANG_WARN_UNGUARDED_AVAILABILITY = YES_AGGRESSIVE;
				CLANG_WARN_UNREACHABLE_CODE = YES;
				CLANG_WARN__DUPLICATE_METHOD_MATCH = YES;
				CODE_SIGN_IDENTITY = "iPhone Developer";
				COPY_PHASE_STRIP = NO;
				DEBUG_INFORMATION_FORMAT = "dwarf-with-dsym";
				ENABLE_NS_ASSERTIONS = NO;
				ENABLE_STRICT_OBJC_MSGSEND = YES;
				GCC_C_LANGUAGE_STANDARD = gnu11;
				GCC_NO_COMMON_BLOCKS = YES;
				GCC_WARN_64_TO_32_BIT_CONVERSION = YES;
				GCC_WARN_ABOUT_RETURN_TYPE = YES_ERROR;
				GCC_WARN_UNDECLARED_SELECTOR = YES;
				GCC_WARN_UNINITIALIZED_AUTOS = YES_AGGRESSIVE;
				GCC_WARN_UNUSED_FUNCTION = YES;
				GCC_WARN_UNUSED_VARIABLE = YES;
				IPHONEOS_DEPLOYMENT_TARGET = 12.1;
				MTL_ENABLE_DEBUG_INFO = NO;
				MTL_FAST_MATH = YES;
				SDKROOT = iphoneos;
				SWIFT_COMPILATION_MODE = wholemodule;
				SWIFT_OPTIMIZATION_LEVEL = "-O";
				VALIDATE_PRODUCT = YES;
			};
			name = Release;
		};
		2C1B25822244D96B00AD2E80 /* Debug */ = {
			isa = XCBuildConfiguration;
			buildSettings = {
				ASSETCATALOG_COMPILER_APPICON_NAME = AppIcon;
				CODE_SIGN_STYLE = Automatic;
				INFOPLIST_FILE = swift_project/Info.plist;
				LD_RUNPATH_SEARCH_PATHS = (
					"$(inherited)",
					"@executable_path/Frameworks",
				);
				PRODUCT_BUNDLE_IDENTIFIER = "rs.swift-project";
				PRODUCT_NAME = "$(TARGET_NAME)";
				SWIFT_VERSION = 4.2;
				TARGETED_DEVICE_FAMILY = "1,2";
			};
			name = Debug;
		};
		2C1B25832244D96B00AD2E80 /* Release */ = {
			isa = XCBuildConfiguration;
			buildSettings = {
				ASSETCATALOG_COMPILER_APPICON_NAME = AppIcon;
				CODE_SIGN_STYLE = Automatic;
				INFOPLIST_FILE = swift_project/Info.plist;
				LD_RUNPATH_SEARCH_PATHS = (
					"$(inherited)",
					"@executable_path/Frameworks",
				);
				PRODUCT_BUNDLE_IDENTIFIER = "rs.swift-project";
				PRODUCT_NAME = "$(TARGET_NAME)";
				SWIFT_VERSION = 4.2;
				TARGETED_DEVICE_FAMILY = "1,2";
			};
			name = Release;
		};
		2C1B25852244D96B00AD2E80 /* Debug */ = {
			isa = XCBuildConfiguration;
			buildSettings = {
				ALWAYS_EMBED_SWIFT_STANDARD_LIBRARIES = YES;
				BUNDLE_LOADER = "$(TEST_HOST)";
				CODE_SIGN_STYLE = Automatic;
				INFOPLIST_FILE = swift_projectTests/Info.plist;
				LD_RUNPATH_SEARCH_PATHS = (
					"$(inherited)",
					"@executable_path/Frameworks",
					"@loader_path/Frameworks",
				);
				PRODUCT_BUNDLE_IDENTIFIER = "rs.swift-projectTests";
				PRODUCT_NAME = "$(TARGET_NAME)";
				SWIFT_VERSION = 4.2;
				TARGETED_DEVICE_FAMILY = "1,2";
				TEST_HOST = "$(BUILT_PRODUCTS_DIR)/swift_project.app/swift_project";
			};
			name = Debug;
		};
		2C1B25862244D96B00AD2E80 /* Release */ = {
			isa = XCBuildConfiguration;
			buildSettings = {
				ALWAYS_EMBED_SWIFT_STANDARD_LIBRARIES = YES;
				BUNDLE_LOADER = "$(TEST_HOST)";
				CODE_SIGN_STYLE = Automatic;
				INFOPLIST_FILE = swift_projectTests/Info.plist;
				LD_RUNPATH_SEARCH_PATHS = (
					"$(inherited)",
					"@executable_path/Frameworks",
					"@loader_path/Frameworks",
				);
				PRODUCT_BUNDLE_IDENTIFIER = "rs.swift-projectTests";
				PRODUCT_NAME = "$(TARGET_NAME)";
				SWIFT_VERSION = 4.2;
				TARGETED_DEVICE_FAMILY = "1,2";
				TEST_HOST = "$(BUILT_PRODUCTS_DIR)/swift_project.app/swift_project";
			};
			name = Release;
		};
		2C1B25882244D96B00AD2E80 /* Debug */ = {
			isa = XCBuildConfiguration;
			buildSettings = {
				ALWAYS_EMBED_SWIFT_STANDARD_LIBRARIES = YES;
				CODE_SIGN_STYLE = Automatic;
				INFOPLIST_FILE = swift_projectUITests/Info.plist;
				LD_RUNPATH_SEARCH_PATHS = (
					"$(inherited)",
					"@executable_path/Frameworks",
					"@loader_path/Frameworks",
				);
				PRODUCT_BUNDLE_IDENTIFIER = "rs.swift-projectUITests";
				PRODUCT_NAME = "$(TARGET_NAME)";
				SWIFT_VERSION = 4.2;
				TARGETED_DEVICE_FAMILY = "1,2";
				TEST_TARGET_NAME = swift_project;
			};
			name = Debug;
		};
		2C1B25892244D96B00AD2E80 /* Release */ = {
			isa = XCBuildConfiguration;
			buildSettings = {
				ALWAYS_EMBED_SWIFT_STANDARD_LIBRARIES = YES;
				CODE_SIGN_STYLE = Automatic;
				INFOPLIST_FILE = swift_projectUITests/Info.plist;
				LD_RUNPATH_SEARCH_PATHS = (
					"$(inherited)",
					"@executable_path/Frameworks",
					"@loader_path/Frameworks",
				);
				PRODUCT_BUNDLE_IDENTIFIER = "rs.swift-projectUITests";
				PRODUCT_NAME = "$(TARGET_NAME)";
				SWIFT_VERSION = 4.2;
				TARGETED_DEVICE_FAMILY = "1,2";
				TEST_TARGET_NAME = swift_project;
			};
			name = Release;
		};
/* End XCBuildConfiguration section */

/* Begin XCConfigurationList section */
		2C1B25512244D96A00AD2E80 /* Build configuration list for PBXProject "swift_project" */ = {
			isa = XCConfigurationList;
			buildConfigurations = (
				2C1B257F2244D96B00AD2E80 /* Debug */,
				2C1B25802244D96B00AD2E80 /* Release */,
			);
			defaultConfigurationIsVisible = 0;
			defaultConfigurationName = Release;
		};
		2C1B25812244D96B00AD2E80 /* Build configuration list for PBXNativeTarget "swift_project" */ = {
			isa = XCConfigurationList;
			buildConfigurations = (
				2C1B25822244D96B00AD2E80 /* Debug */,
				2C1B25832244D96B00AD2E80 /* Release */,
			);
			defaultConfigurationIsVisible = 0;
			defaultConfigurationName = Release;
		};
		2C1B25842244D96B00AD2E80 /* Build configuration list for PBXNativeTarget "swift_projectTests" */ = {
			isa = XCConfigurationList;
			buildConfigurations = (
				2C1B25852244D96B00AD2E80 /* Debug */,
				2C1B25862244D96B00AD2E80 /* Release */,
			);
			defaultConfigurationIsVisible = 0;
			defaultConfigurationName = Release;
		};
		2C1B25872244D96B00AD2E80 /* Build configuration list for PBXNativeTarget "swift_projectUITests" */ = {
			isa = XCConfigurationList;
			buildConfigurations = (
				2C1B25882244D96B00AD2E80 /* Debug */,
				2C1B25892244D96B00AD2E80 /* Release */,
			);
			defaultConfigurationIsVisible = 0;
			defaultConfigurationName = Release;
		};
/* End XCConfigurationList section */

/* Begin XCVersionGroup section */
		2C1B25602244D96A00AD2E80 /* swift_project.xcdatamodeld */ = {
			isa = XCVersionGroup;
			children = (
				2C1B25612244D96A00AD2E80 /* swift_project.xcdatamodel */,
			);
			currentVersion = 2C1B25612244D96A00AD2E80 /* swift_project.xcdatamodel */;
			path = swift_project.xcdatamodeld;
			sourceTree = "<group>";
			versionGroupType = wrapper.xcdatamodel;
		};
/* End XCVersionGroup section */
	};
	rootObject = 2C1B254E2244D96A00AD2E80 /* Project object */;
}
