// !$*UTF8*$!
{
	archiveVersion = 1;
	classes = {
	};
	objectVersion = 50;
	objects = {

/* Begin PBXBuildFile section */
		2C1B255A2244D96A00AD2E80 /* AppDelegate.swift in Sources */ = {isa = PBXBuildFile; fileRef = 2C1B25592244D96A00AD2E80 /* AppDelegate.swift */; };
		2C1B255C2244D96A00AD2E80 /* ViewController.swift in Sources */ = {isa = PBXBuildFile; fileRef = 2C1B255B2244D96A00AD2E80 /* ViewController.swift */; };
		2C1B255F2244D96A00AD2E80 /* Main.storyboard in Resources */ = {isa = PBXBuildFile; fileRef = 2C1B255D2244D96A00AD2E80 /* Main.storyboard */; };
		2C1B25622244D96A00AD2E80 /* swift_project.xcdatamodeld in Sources */ = {isa = PBXBuildFile; fileRef = 2C1B25602244D96A00AD2E80 /* swift_project.xcdatamodeld */; };
		2C1B25642244D96B00AD2E80 /* Assets.xcassets in Resources */ = {isa = PBXBuildFile; fileRef = 2C1B25632244D96B00AD2E80 /* Assets.xcassets */; };
		2C1B25672244D96B00AD2E80 /* LaunchScreen.storyboard in Resources */ = {isa = PBXBuildFile; fileRef = 2C1B25652244D96B00AD2E80 /* LaunchScreen.storyboard */; };
		2C1B25722244D96B00AD2E80 /* swift_projectTests.swift in Sources */ = {isa = PBXBuildFile; fileRef = 2C1B25712244D96B00AD2E80 /* swift_projectTests.swift */; };
		2C1B257D2244D96B00AD2E80 /* swift_projectUITests.swift in Sources */ = {isa = PBXBuildFile; fileRef = 2C1B257C2244D96B00AD2E80 /* swift_projectUITests.swift */; };
		2C1B258C2244E15700AD2E80 /* Person.swift in Sources */ = {isa = PBXBuildFile; fileRef = 2C1B258B2244E15700AD2E80 /* Person.swift */; };
		2C1B258E2244E24000AD2E80 /* PersonSet.swift in Sources */ = {isa = PBXBuildFile; fileRef = 2C1B258D2244E24000AD2E80 /* PersonSet.swift */; };
		2C1B25902244E28E00AD2E80 /* ItPersonSet.swift in Sources */ = {isa = PBXBuildFile; fileRef = 2C1B258F2244E28E00AD2E80 /* ItPersonSet.swift */; };
		2C1B25922244E2C100AD2E80 /* Trip.swift in Sources */ = {isa = PBXBuildFile; fileRef = 2C1B25912244E2C100AD2E80 /* Trip.swift */; };
		2C1B25942244E9C100AD2E80 /* Expense.swift in Sources */ = {isa = PBXBuildFile; fileRef = 2C1B25932244E9C100AD2E80 /* Expense.swift */; };
		2C1B25962244EAB200AD2E80 /* ExpensePerson.swift in Sources */ = {isa = PBXBuildFile; fileRef = 2C1B25952244EAB200AD2E80 /* ExpensePerson.swift */; };
		2C1B25982244EB1000AD2E80 /* ExpensePersonSet.swift in Sources */ = {isa = PBXBuildFile; fileRef = 2C1B25972244EB1000AD2E80 /* ExpensePersonSet.swift */; };
		2C1B259A2244FBAA00AD2E80 /* ExpenseSet.swift in Sources */ = {isa = PBXBuildFile; fileRef = 2C1B25992244FBAA00AD2E80 /* ExpenseSet.swift */; };
		2C1B259F2245261C00AD2E80 /* TripTableViewCell.swift in Sources */ = {isa = PBXBuildFile; fileRef = 2C1B259E2245261C00AD2E80 /* TripTableViewCell.swift */; };
		2C1F600822495E7C00039118 /* NewTripViewController.swift in Sources */ = {isa = PBXBuildFile; fileRef = 2C1F600722495E7C00039118 /* NewTripViewController.swift */; };
		90361C12224A878B0062E27C /* PersonDAO.swift in Sources */ = {isa = PBXBuildFile; fileRef = 90361C11224A878B0062E27C /* PersonDAO.swift */; };
		90AF496822452DFA0090C242 /* TripSetViewModel.swift in Sources */ = {isa = PBXBuildFile; fileRef = 90AF496722452DFA0090C242 /* TripSetViewModel.swift */; };
		90B1EAE8224A2AE800A5C36A /* TripSetFetchController.swift in Sources */ = {isa = PBXBuildFile; fileRef = 90B1EAE7224A2AE800A5C36A /* TripSetFetchController.swift */; };
		90C1A4F52253CA38008E0CCC /* showExpenseDetailViewController.swift in Sources */ = {isa = PBXBuildFile; fileRef = 90C1A4F42253CA38008E0CCC /* showExpenseDetailViewController.swift */; };
		C40D845F224A11D1007864CC /* CoreDataManager.swift in Sources */ = {isa = PBXBuildFile; fileRef = C40D845E224A11D1007864CC /* CoreDataManager.swift */; };
		C40D8461224A136B007864CC /* TripSet.swift in Sources */ = {isa = PBXBuildFile; fileRef = C40D8460224A136B007864CC /* TripSet.swift */; };
		C40D8463224A1528007864CC /* ItTripSet.swift in Sources */ = {isa = PBXBuildFile; fileRef = C40D8462224A1528007864CC /* ItTripSet.swift */; };
		C40D8467224A5F4A007864CC /* ExpenseTableViewController.swift in Sources */ = {isa = PBXBuildFile; fileRef = C40D8466224A5F4A007864CC /* ExpenseTableViewController.swift */; };
		C40D846B224A6288007864CC /* ExpenseDAO.swift in Sources */ = {isa = PBXBuildFile; fileRef = C40D846A224A6288007864CC /* ExpenseDAO.swift */; };
		C40D8473224B91C7007864CC /* ShowPersonViewController.swift in Sources */ = {isa = PBXBuildFile; fileRef = C40D8472224B91C7007864CC /* ShowPersonViewController.swift */; };
		C40D8475224B9740007864CC /* PersonSetViewModel.swift in Sources */ = {isa = PBXBuildFile; fileRef = C40D8474224B9740007864CC /* PersonSetViewModel.swift */; };
		C40D8477224BB03F007864CC /* ExpensePersonDAO.swift in Sources */ = {isa = PBXBuildFile; fileRef = C40D8476224BB03F007864CC /* ExpensePersonDAO.swift */; };
		C40D8479224BEA94007864CC /* PersonTableViewCell.swift in Sources */ = {isa = PBXBuildFile; fileRef = C40D8478224BEA94007864CC /* PersonTableViewCell.swift */; };
		C40D847D224BF770007864CC /* CreanceTableViewCell.swift in Sources */ = {isa = PBXBuildFile; fileRef = C40D847C224BF770007864CC /* CreanceTableViewCell.swift */; };
		C40D847F224BFC2E007864CC /* ExpenseSetViewModel.swift in Sources */ = {isa = PBXBuildFile; fileRef = C40D847E224BFC2E007864CC /* ExpenseSetViewModel.swift */; };
		C40D8481224BFCF8007864CC /* PersonViewModel.swift in Sources */ = {isa = PBXBuildFile; fileRef = C40D8480224BFCF8007864CC /* PersonViewModel.swift */; };
		C40D8483224D0B16007864CC /* TripViewModel.swift in Sources */ = {isa = PBXBuildFile; fileRef = C40D8482224D0B16007864CC /* TripViewModel.swift */; };
		C40D8485224D0E32007864CC /* TripSetViewModel2.swift in Sources */ = {isa = PBXBuildFile; fileRef = C40D8484224D0E32007864CC /* TripSetViewModel2.swift */; };
		C410E0992252BD43002781CA /* ExpensesViewController.swift in Sources */ = {isa = PBXBuildFile; fileRef = C410E0982252BD43002781CA /* ExpensesViewController.swift */; };
		C410E09B2252C186002781CA /* ExpenseTableViewCell.swift in Sources */ = {isa = PBXBuildFile; fileRef = C410E09A2252C186002781CA /* ExpenseTableViewCell.swift */; };
		C410E09D2252C6B5002781CA /* ExpensePersonSetViewModel.swift in Sources */ = {isa = PBXBuildFile; fileRef = C410E09C2252C6B5002781CA /* ExpensePersonSetViewModel.swift */; };
		C410E09F2252D17D002781CA /* AddExpenseViewController.swift in Sources */ = {isa = PBXBuildFile; fileRef = C410E09E2252D17D002781CA /* AddExpenseViewController.swift */; };
		C44C3E622249A19100AAA767 /* ShowTripViewController.swift in Sources */ = {isa = PBXBuildFile; fileRef = C44C3E612249A19100AAA767 /* ShowTripViewController.swift */; };
		C44C3E642249AAA000AAA767 /* EditTripViewController.swift in Sources */ = {isa = PBXBuildFile; fileRef = C44C3E632249AAA000AAA767 /* EditTripViewController.swift */; };
		C4E220362252DB1700750EC9 /* PaidByTableViewController.swift in Sources */ = {isa = PBXBuildFile; fileRef = C4E220352252DB1700750EC9 /* PaidByTableViewController.swift */; };
		C4E220382252DD0E00750EC9 /* PersonWhoPaidTableViewCell.swift in Sources */ = {isa = PBXBuildFile; fileRef = C4E220372252DD0E00750EC9 /* PersonWhoPaidTableViewCell.swift */; };
		C4E2203A2252DD3300750EC9 /* PersonWhoHaveToPayTableViewCell.swift in Sources */ = {isa = PBXBuildFile; fileRef = C4E220392252DD3300750EC9 /* PersonWhoHaveToPayTableViewCell.swift */; };
		C4E220412253A69600750EC9 /* ItExpenseSet.swift in Sources */ = {isa = PBXBuildFile; fileRef = C4E220402253A69600750EC9 /* ItExpenseSet.swift */; };
		C4E220432253A6DD00750EC9 /* ItExpensePersonSet.swift in Sources */ = {isa = PBXBuildFile; fileRef = C4E220422253A6DD00750EC9 /* ItExpensePersonSet.swift */; };
		C4E2204522548BAE00750EC9 /* CheckUIButton.swift in Sources */ = {isa = PBXBuildFile; fileRef = C4E2204422548BAE00750EC9 /* CheckUIButton.swift */; };
		C4E22047225492FD00750EC9 /* PaidForTableViewController.swift in Sources */ = {isa = PBXBuildFile; fileRef = C4E22046225492FD00750EC9 /* PaidForTableViewController.swift */; };
		C4E8ABA5224E2ED0007C0853 /* TripDAO.swift in Sources */ = {isa = PBXBuildFile; fileRef = C4E8ABA4224E2ED0007C0853 /* TripDAO.swift */; };
		C4E8ABA7224E5447007C0853 /* AddPersonTableViewCell.swift in Sources */ = {isa = PBXBuildFile; fileRef = C4E8ABA6224E5447007C0853 /* AddPersonTableViewCell.swift */; };
/* End PBXBuildFile section */

/* Begin PBXContainerItemProxy section */
		2C1B256E2244D96B00AD2E80 /* PBXContainerItemProxy */ = {
			isa = PBXContainerItemProxy;
			containerPortal = 2C1B254E2244D96A00AD2E80 /* Project object */;
			proxyType = 1;
			remoteGlobalIDString = 2C1B25552244D96A00AD2E80;
			remoteInfo = swift_project;
		};
		2C1B25792244D96B00AD2E80 /* PBXContainerItemProxy */ = {
			isa = PBXContainerItemProxy;
			containerPortal = 2C1B254E2244D96A00AD2E80 /* Project object */;
			proxyType = 1;
			remoteGlobalIDString = 2C1B25552244D96A00AD2E80;
			remoteInfo = swift_project;
		};
/* End PBXContainerItemProxy section */

/* Begin PBXFileReference section */
		2C1B25562244D96A00AD2E80 /* swift_project.app */ = {isa = PBXFileReference; explicitFileType = wrapper.application; includeInIndex = 0; path = swift_project.app; sourceTree = BUILT_PRODUCTS_DIR; };
		2C1B25592244D96A00AD2E80 /* AppDelegate.swift */ = {isa = PBXFileReference; lastKnownFileType = sourcecode.swift; path = AppDelegate.swift; sourceTree = "<group>"; };
		2C1B255B2244D96A00AD2E80 /* ViewController.swift */ = {isa = PBXFileReference; lastKnownFileType = sourcecode.swift; path = ViewController.swift; sourceTree = "<group>"; };
		2C1B255E2244D96A00AD2E80 /* Base */ = {isa = PBXFileReference; lastKnownFileType = file.storyboard; name = Base; path = Base.lproj/Main.storyboard; sourceTree = "<group>"; };
		2C1B25612244D96A00AD2E80 /* swift_project.xcdatamodel */ = {isa = PBXFileReference; lastKnownFileType = wrapper.xcdatamodel; path = swift_project.xcdatamodel; sourceTree = "<group>"; };
		2C1B25632244D96B00AD2E80 /* Assets.xcassets */ = {isa = PBXFileReference; lastKnownFileType = folder.assetcatalog; path = Assets.xcassets; sourceTree = "<group>"; };
		2C1B25662244D96B00AD2E80 /* Base */ = {isa = PBXFileReference; lastKnownFileType = file.storyboard; name = Base; path = Base.lproj/LaunchScreen.storyboard; sourceTree = "<group>"; };
		2C1B25682244D96B00AD2E80 /* Info.plist */ = {isa = PBXFileReference; lastKnownFileType = text.plist.xml; path = Info.plist; sourceTree = "<group>"; };
		2C1B256D2244D96B00AD2E80 /* swift_projectTests.xctest */ = {isa = PBXFileReference; explicitFileType = wrapper.cfbundle; includeInIndex = 0; path = swift_projectTests.xctest; sourceTree = BUILT_PRODUCTS_DIR; };
		2C1B25712244D96B00AD2E80 /* swift_projectTests.swift */ = {isa = PBXFileReference; lastKnownFileType = sourcecode.swift; path = swift_projectTests.swift; sourceTree = "<group>"; };
		2C1B25732244D96B00AD2E80 /* Info.plist */ = {isa = PBXFileReference; lastKnownFileType = text.plist.xml; path = Info.plist; sourceTree = "<group>"; };
		2C1B25782244D96B00AD2E80 /* swift_projectUITests.xctest */ = {isa = PBXFileReference; explicitFileType = wrapper.cfbundle; includeInIndex = 0; path = swift_projectUITests.xctest; sourceTree = BUILT_PRODUCTS_DIR; };
		2C1B257C2244D96B00AD2E80 /* swift_projectUITests.swift */ = {isa = PBXFileReference; lastKnownFileType = sourcecode.swift; path = swift_projectUITests.swift; sourceTree = "<group>"; };
		2C1B257E2244D96B00AD2E80 /* Info.plist */ = {isa = PBXFileReference; lastKnownFileType = text.plist.xml; path = Info.plist; sourceTree = "<group>"; };
		2C1B258B2244E15700AD2E80 /* Person.swift */ = {isa = PBXFileReference; lastKnownFileType = sourcecode.swift; path = Person.swift; sourceTree = "<group>"; };
		2C1B258D2244E24000AD2E80 /* PersonSet.swift */ = {isa = PBXFileReference; lastKnownFileType = sourcecode.swift; path = PersonSet.swift; sourceTree = "<group>"; };
		2C1B258F2244E28E00AD2E80 /* ItPersonSet.swift */ = {isa = PBXFileReference; lastKnownFileType = sourcecode.swift; path = ItPersonSet.swift; sourceTree = "<group>"; };
		2C1B25912244E2C100AD2E80 /* Trip.swift */ = {isa = PBXFileReference; lastKnownFileType = sourcecode.swift; path = Trip.swift; sourceTree = "<group>"; };
		2C1B25932244E9C100AD2E80 /* Expense.swift */ = {isa = PBXFileReference; lastKnownFileType = sourcecode.swift; path = Expense.swift; sourceTree = "<group>"; };
		2C1B25952244EAB200AD2E80 /* ExpensePerson.swift */ = {isa = PBXFileReference; lastKnownFileType = sourcecode.swift; path = ExpensePerson.swift; sourceTree = "<group>"; };
		2C1B25972244EB1000AD2E80 /* ExpensePersonSet.swift */ = {isa = PBXFileReference; lastKnownFileType = sourcecode.swift; path = ExpensePersonSet.swift; sourceTree = "<group>"; };
		2C1B25992244FBAA00AD2E80 /* ExpenseSet.swift */ = {isa = PBXFileReference; lastKnownFileType = sourcecode.swift; path = ExpenseSet.swift; sourceTree = "<group>"; };
		2C1B259E2245261C00AD2E80 /* TripTableViewCell.swift */ = {isa = PBXFileReference; lastKnownFileType = sourcecode.swift; path = TripTableViewCell.swift; sourceTree = "<group>"; };
		2C1F600722495E7C00039118 /* NewTripViewController.swift */ = {isa = PBXFileReference; lastKnownFileType = sourcecode.swift; path = NewTripViewController.swift; sourceTree = "<group>"; };
		90361C11224A878B0062E27C /* PersonDAO.swift */ = {isa = PBXFileReference; lastKnownFileType = sourcecode.swift; path = PersonDAO.swift; sourceTree = "<group>"; };
		90AF496722452DFA0090C242 /* TripSetViewModel.swift */ = {isa = PBXFileReference; lastKnownFileType = sourcecode.swift; path = TripSetViewModel.swift; sourceTree = "<group>"; };
		90B1EAE7224A2AE800A5C36A /* TripSetFetchController.swift */ = {isa = PBXFileReference; lastKnownFileType = sourcecode.swift; path = TripSetFetchController.swift; sourceTree = "<group>"; };
		90C1A4F42253CA38008E0CCC /* showExpenseDetailViewController.swift */ = {isa = PBXFileReference; lastKnownFileType = sourcecode.swift; path = showExpenseDetailViewController.swift; sourceTree = "<group>"; };
		C40D845E224A11D1007864CC /* CoreDataManager.swift */ = {isa = PBXFileReference; lastKnownFileType = sourcecode.swift; path = CoreDataManager.swift; sourceTree = "<group>"; };
		C40D8460224A136B007864CC /* TripSet.swift */ = {isa = PBXFileReference; lastKnownFileType = sourcecode.swift; path = TripSet.swift; sourceTree = "<group>"; };
		C40D8462224A1528007864CC /* ItTripSet.swift */ = {isa = PBXFileReference; lastKnownFileType = sourcecode.swift; path = ItTripSet.swift; sourceTree = "<group>"; };
		C40D8466224A5F4A007864CC /* ExpenseTableViewController.swift */ = {isa = PBXFileReference; lastKnownFileType = sourcecode.swift; path = ExpenseTableViewController.swift; sourceTree = "<group>"; };
		C40D846A224A6288007864CC /* ExpenseDAO.swift */ = {isa = PBXFileReference; lastKnownFileType = sourcecode.swift; path = ExpenseDAO.swift; sourceTree = "<group>"; };
		C40D8472224B91C7007864CC /* ShowPersonViewController.swift */ = {isa = PBXFileReference; lastKnownFileType = sourcecode.swift; path = ShowPersonViewController.swift; sourceTree = "<group>"; };
		C40D8474224B9740007864CC /* PersonSetViewModel.swift */ = {isa = PBXFileReference; lastKnownFileType = sourcecode.swift; path = PersonSetViewModel.swift; sourceTree = "<group>"; };
		C40D8476224BB03F007864CC /* ExpensePersonDAO.swift */ = {isa = PBXFileReference; lastKnownFileType = sourcecode.swift; path = ExpensePersonDAO.swift; sourceTree = "<group>"; };
		C40D8478224BEA94007864CC /* PersonTableViewCell.swift */ = {isa = PBXFileReference; lastKnownFileType = sourcecode.swift; path = PersonTableViewCell.swift; sourceTree = "<group>"; };
		C40D847C224BF770007864CC /* CreanceTableViewCell.swift */ = {isa = PBXFileReference; lastKnownFileType = sourcecode.swift; path = CreanceTableViewCell.swift; sourceTree = "<group>"; };
		C40D847E224BFC2E007864CC /* ExpenseSetViewModel.swift */ = {isa = PBXFileReference; lastKnownFileType = sourcecode.swift; path = ExpenseSetViewModel.swift; sourceTree = "<group>"; };
		C40D8480224BFCF8007864CC /* PersonViewModel.swift */ = {isa = PBXFileReference; lastKnownFileType = sourcecode.swift; path = PersonViewModel.swift; sourceTree = "<group>"; };
		C40D8482224D0B16007864CC /* TripViewModel.swift */ = {isa = PBXFileReference; lastKnownFileType = sourcecode.swift; path = TripViewModel.swift; sourceTree = "<group>"; };
		C40D8484224D0E32007864CC /* TripSetViewModel2.swift */ = {isa = PBXFileReference; lastKnownFileType = sourcecode.swift; path = TripSetViewModel2.swift; sourceTree = "<group>"; };
		C410E0982252BD43002781CA /* ExpensesViewController.swift */ = {isa = PBXFileReference; lastKnownFileType = sourcecode.swift; path = ExpensesViewController.swift; sourceTree = "<group>"; };
		C410E09A2252C186002781CA /* ExpenseTableViewCell.swift */ = {isa = PBXFileReference; lastKnownFileType = sourcecode.swift; path = ExpenseTableViewCell.swift; sourceTree = "<group>"; };
		C410E09C2252C6B5002781CA /* ExpensePersonSetViewModel.swift */ = {isa = PBXFileReference; lastKnownFileType = sourcecode.swift; path = ExpensePersonSetViewModel.swift; sourceTree = "<group>"; };
		C410E09E2252D17D002781CA /* AddExpenseViewController.swift */ = {isa = PBXFileReference; lastKnownFileType = sourcecode.swift; path = AddExpenseViewController.swift; sourceTree = "<group>"; };
		C44C3E612249A19100AAA767 /* ShowTripViewController.swift */ = {isa = PBXFileReference; lastKnownFileType = sourcecode.swift; path = ShowTripViewController.swift; sourceTree = "<group>"; };
		C44C3E632249AAA000AAA767 /* EditTripViewController.swift */ = {isa = PBXFileReference; lastKnownFileType = sourcecode.swift; path = EditTripViewController.swift; sourceTree = "<group>"; };
		C4E220352252DB1700750EC9 /* PaidByTableViewController.swift */ = {isa = PBXFileReference; lastKnownFileType = sourcecode.swift; path = PaidByTableViewController.swift; sourceTree = "<group>"; };
		C4E220372252DD0E00750EC9 /* PersonWhoPaidTableViewCell.swift */ = {isa = PBXFileReference; lastKnownFileType = sourcecode.swift; path = PersonWhoPaidTableViewCell.swift; sourceTree = "<group>"; };
		C4E220392252DD3300750EC9 /* PersonWhoHaveToPayTableViewCell.swift */ = {isa = PBXFileReference; lastKnownFileType = sourcecode.swift; path = PersonWhoHaveToPayTableViewCell.swift; sourceTree = "<group>"; };
		C4E220402253A69600750EC9 /* ItExpenseSet.swift */ = {isa = PBXFileReference; lastKnownFileType = sourcecode.swift; path = ItExpenseSet.swift; sourceTree = "<group>"; };
		C4E220422253A6DD00750EC9 /* ItExpensePersonSet.swift */ = {isa = PBXFileReference; lastKnownFileType = sourcecode.swift; path = ItExpensePersonSet.swift; sourceTree = "<group>"; };
		C4E2204422548BAE00750EC9 /* CheckUIButton.swift */ = {isa = PBXFileReference; lastKnownFileType = sourcecode.swift; path = CheckUIButton.swift; sourceTree = "<group>"; };
		C4E22046225492FD00750EC9 /* PaidForTableViewController.swift */ = {isa = PBXFileReference; lastKnownFileType = sourcecode.swift; path = PaidForTableViewController.swift; sourceTree = "<group>"; };
		C4E8ABA4224E2ED0007C0853 /* TripDAO.swift */ = {isa = PBXFileReference; lastKnownFileType = sourcecode.swift; path = TripDAO.swift; sourceTree = "<group>"; };
		C4E8ABA6224E5447007C0853 /* AddPersonTableViewCell.swift */ = {isa = PBXFileReference; lastKnownFileType = sourcecode.swift; path = AddPersonTableViewCell.swift; sourceTree = "<group>"; };
/* End PBXFileReference section */

/* Begin PBXFrameworksBuildPhase section */
		2C1B25532244D96A00AD2E80 /* Frameworks */ = {
			isa = PBXFrameworksBuildPhase;
			buildActionMask = 2147483647;
			files = (
			);
			runOnlyForDeploymentPostprocessing = 0;
		};
		2C1B256A2244D96B00AD2E80 /* Frameworks */ = {
			isa = PBXFrameworksBuildPhase;
			buildActionMask = 2147483647;
			files = (
			);
			runOnlyForDeploymentPostprocessing = 0;
		};
		2C1B25752244D96B00AD2E80 /* Frameworks */ = {
			isa = PBXFrameworksBuildPhase;
			buildActionMask = 2147483647;
			files = (
			);
			runOnlyForDeploymentPostprocessing = 0;
		};
/* End PBXFrameworksBuildPhase section */

/* Begin PBXGroup section */
		2C1B254D2244D96A00AD2E80 = {
			isa = PBXGroup;
			children = (
				2C1B25582244D96A00AD2E80 /* swift_project */,
				2C1B25702244D96B00AD2E80 /* swift_projectTests */,
				2C1B257B2244D96B00AD2E80 /* swift_projectUITests */,
				2C1B25572244D96A00AD2E80 /* Products */,
			);
			sourceTree = "<group>";
		};
		2C1B25572244D96A00AD2E80 /* Products */ = {
			isa = PBXGroup;
			children = (
				2C1B25562244D96A00AD2E80 /* swift_project.app */,
				2C1B256D2244D96B00AD2E80 /* swift_projectTests.xctest */,
				2C1B25782244D96B00AD2E80 /* swift_projectUITests.xctest */,
			);
			name = Products;
			sourceTree = "<group>";
		};
		2C1B25582244D96A00AD2E80 /* swift_project */ = {
			isa = PBXGroup;
			children = (
				C410E0972252BCE1002781CA /* TableViewCell */,
				90B1EAE6224A2AC200A5C36A /* FetchController */,
				C40D845B224A0BAE007864CC /* DAO */,
				90AF496622452DD30090C242 /* ViewModel */,
				2C1B259B22451E6B00AD2E80 /* Controller */,
				2C1B258A2244DF3B00AD2E80 /* Model */,
				2C1B25592244D96A00AD2E80 /* AppDelegate.swift */,
				2C1B255D2244D96A00AD2E80 /* Main.storyboard */,
				C4E2204422548BAE00750EC9 /* CheckUIButton.swift */,
				2C1B25632244D96B00AD2E80 /* Assets.xcassets */,
				2C1B25652244D96B00AD2E80 /* LaunchScreen.storyboard */,
				2C1B25682244D96B00AD2E80 /* Info.plist */,
				2C1B25602244D96A00AD2E80 /* swift_project.xcdatamodeld */,
			);
			path = swift_project;
			sourceTree = "<group>";
			usesTabs = 0;
		};
		2C1B25702244D96B00AD2E80 /* swift_projectTests */ = {
			isa = PBXGroup;
			children = (
				2C1B25712244D96B00AD2E80 /* swift_projectTests.swift */,
				2C1B25732244D96B00AD2E80 /* Info.plist */,
			);
			path = swift_projectTests;
			sourceTree = "<group>";
		};
		2C1B257B2244D96B00AD2E80 /* swift_projectUITests */ = {
			isa = PBXGroup;
			children = (
				2C1B257C2244D96B00AD2E80 /* swift_projectUITests.swift */,
				2C1B257E2244D96B00AD2E80 /* Info.plist */,
			);
			path = swift_projectUITests;
			sourceTree = "<group>";
		};
		2C1B258A2244DF3B00AD2E80 /* Model */ = {
			isa = PBXGroup;
			children = (
				2C1B258B2244E15700AD2E80 /* Person.swift */,
				2C1B258D2244E24000AD2E80 /* PersonSet.swift */,
				C40D8460224A136B007864CC /* TripSet.swift */,
				2C1B258F2244E28E00AD2E80 /* ItPersonSet.swift */,
				C40D8462224A1528007864CC /* ItTripSet.swift */,
				C4E220402253A69600750EC9 /* ItExpenseSet.swift */,
				C4E220422253A6DD00750EC9 /* ItExpensePersonSet.swift */,
				2C1B25912244E2C100AD2E80 /* Trip.swift */,
				2C1B25932244E9C100AD2E80 /* Expense.swift */,
				2C1B25952244EAB200AD2E80 /* ExpensePerson.swift */,
				2C1B25972244EB1000AD2E80 /* ExpensePersonSet.swift */,
				2C1B25992244FBAA00AD2E80 /* ExpenseSet.swift */,
			);
			path = Model;
			sourceTree = "<group>";
		};
		2C1B259B22451E6B00AD2E80 /* Controller */ = {
			isa = PBXGroup;
			children = (
				90C1A4F42253CA38008E0CCC /* showExpenseDetailViewController.swift */,
				2C1B255B2244D96A00AD2E80 /* ViewController.swift */,
				C410E0982252BD43002781CA /* ExpensesViewController.swift */,
				C44C3E632249AAA000AAA767 /* EditTripViewController.swift */,
				C44C3E612249A19100AAA767 /* ShowTripViewController.swift */,
				2C1F600722495E7C00039118 /* NewTripViewController.swift */,
				C40D8466224A5F4A007864CC /* ExpenseTableViewController.swift */,
				C40D8472224B91C7007864CC /* ShowPersonViewController.swift */,
				C410E09E2252D17D002781CA /* AddExpenseViewController.swift */,
				C4E220352252DB1700750EC9 /* PaidByTableViewController.swift */,
				C4E22046225492FD00750EC9 /* PaidForTableViewController.swift */,
			);
			path = Controller;
			sourceTree = "<group>";
		};
		90AF496622452DD30090C242 /* ViewModel */ = {
			isa = PBXGroup;
			children = (
				90AF496722452DFA0090C242 /* TripSetViewModel.swift */,
				C40D8484224D0E32007864CC /* TripSetViewModel2.swift */,
				C40D847E224BFC2E007864CC /* ExpenseSetViewModel.swift */,
				C410E09C2252C6B5002781CA /* ExpensePersonSetViewModel.swift */,
				C40D8482224D0B16007864CC /* TripViewModel.swift */,
				C40D8474224B9740007864CC /* PersonSetViewModel.swift */,
				C40D8480224BFCF8007864CC /* PersonViewModel.swift */,
			);
			path = ViewModel;
			sourceTree = "<group>";
		};
		90B1EAE6224A2AC200A5C36A /* FetchController */ = {
			isa = PBXGroup;
			children = (
				90B1EAE7224A2AE800A5C36A /* TripSetFetchController.swift */,
			);
			path = FetchController;
			sourceTree = "<group>";
		};
		C40D845B224A0BAE007864CC /* DAO */ = {
			isa = PBXGroup;
			children = (
				C40D845E224A11D1007864CC /* CoreDataManager.swift */,
				C40D846A224A6288007864CC /* ExpenseDAO.swift */,
				90361C11224A878B0062E27C /* PersonDAO.swift */,
				C40D8476224BB03F007864CC /* ExpensePersonDAO.swift */,
				C4E8ABA4224E2ED0007C0853 /* TripDAO.swift */,
			);
			path = DAO;
			sourceTree = "<group>";
		};
		C410E0972252BCE1002781CA /* TableViewCell */ = {
			isa = PBXGroup;
			children = (
				C4E2203F2252DDE300750EC9 /* ExpenseCell */,
				C410E09A2252C186002781CA /* ExpenseTableViewCell.swift */,
				2C1B259E2245261C00AD2E80 /* TripTableViewCell.swift */,
				C40D8478224BEA94007864CC /* PersonTableViewCell.swift */,
				C40D847C224BF770007864CC /* CreanceTableViewCell.swift */,
				C4E8ABA6224E5447007C0853 /* AddPersonTableViewCell.swift */,
			);
			path = TableViewCell;
			sourceTree = "<group>";
		};
		C4E2203F2252DDE300750EC9 /* ExpenseCell */ = {
			isa = PBXGroup;
			children = (
				C4E220392252DD3300750EC9 /* PersonWhoHaveToPayTableViewCell.swift */,
				C4E220372252DD0E00750EC9 /* PersonWhoPaidTableViewCell.swift */,
			);
			path = ExpenseCell;
			sourceTree = "<group>";
		};
/* End PBXGroup section */

/* Begin PBXNativeTarget section */
		2C1B25552244D96A00AD2E80 /* swift_project */ = {
			isa = PBXNativeTarget;
			buildConfigurationList = 2C1B25812244D96B00AD2E80 /* Build configuration list for PBXNativeTarget "swift_project" */;
			buildPhases = (
				2C1B25522244D96A00AD2E80 /* Sources */,
				2C1B25532244D96A00AD2E80 /* Frameworks */,
				2C1B25542244D96A00AD2E80 /* Resources */,
			);
			buildRules = (
			);
			dependencies = (
			);
			name = swift_project;
			productName = swift_project;
			productReference = 2C1B25562244D96A00AD2E80 /* swift_project.app */;
			productType = "com.apple.product-type.application";
		};
		2C1B256C2244D96B00AD2E80 /* swift_projectTests */ = {
			isa = PBXNativeTarget;
			buildConfigurationList = 2C1B25842244D96B00AD2E80 /* Build configuration list for PBXNativeTarget "swift_projectTests" */;
			buildPhases = (
				2C1B25692244D96B00AD2E80 /* Sources */,
				2C1B256A2244D96B00AD2E80 /* Frameworks */,
				2C1B256B2244D96B00AD2E80 /* Resources */,
			);
			buildRules = (
			);
			dependencies = (
				2C1B256F2244D96B00AD2E80 /* PBXTargetDependency */,
			);
			name = swift_projectTests;
			productName = swift_projectTests;
			productReference = 2C1B256D2244D96B00AD2E80 /* swift_projectTests.xctest */;
			productType = "com.apple.product-type.bundle.unit-test";
		};
		2C1B25772244D96B00AD2E80 /* swift_projectUITests */ = {
			isa = PBXNativeTarget;
			buildConfigurationList = 2C1B25872244D96B00AD2E80 /* Build configuration list for PBXNativeTarget "swift_projectUITests" */;
			buildPhases = (
				2C1B25742244D96B00AD2E80 /* Sources */,
				2C1B25752244D96B00AD2E80 /* Frameworks */,
				2C1B25762244D96B00AD2E80 /* Resources */,
			);
			buildRules = (
			);
			dependencies = (
				2C1B257A2244D96B00AD2E80 /* PBXTargetDependency */,
			);
			name = swift_projectUITests;
			productName = swift_projectUITests;
			productReference = 2C1B25782244D96B00AD2E80 /* swift_projectUITests.xctest */;
			productType = "com.apple.product-type.bundle.ui-testing";
		};
/* End PBXNativeTarget section */

/* Begin PBXProject section */
		2C1B254E2244D96A00AD2E80 /* Project object */ = {
			isa = PBXProject;
			attributes = {
				LastSwiftUpdateCheck = 1010;
				LastUpgradeCheck = 1010;
				ORGANIZATIONNAME = "REGNART-SANCHEZ";
				TargetAttributes = {
					2C1B25552244D96A00AD2E80 = {
						CreatedOnToolsVersion = 10.1;
					};
					2C1B256C2244D96B00AD2E80 = {
						CreatedOnToolsVersion = 10.1;
						TestTargetID = 2C1B25552244D96A00AD2E80;
					};
					2C1B25772244D96B00AD2E80 = {
						CreatedOnToolsVersion = 10.1;
						TestTargetID = 2C1B25552244D96A00AD2E80;
					};
				};
			};
			buildConfigurationList = 2C1B25512244D96A00AD2E80 /* Build configuration list for PBXProject "swift_project" */;
			compatibilityVersion = "Xcode 9.3";
			developmentRegion = en;
			hasScannedForEncodings = 0;
			knownRegions = (
				en,
				Base,
			);
			mainGroup = 2C1B254D2244D96A00AD2E80;
			productRefGroup = 2C1B25572244D96A00AD2E80 /* Products */;
			projectDirPath = "";
			projectRoot = "";
			targets = (
				2C1B25552244D96A00AD2E80 /* swift_project */,
				2C1B256C2244D96B00AD2E80 /* swift_projectTests */,
				2C1B25772244D96B00AD2E80 /* swift_projectUITests */,
			);
		};
/* End PBXProject section */

/* Begin PBXResourcesBuildPhase section */
		2C1B25542244D96A00AD2E80 /* Resources */ = {
			isa = PBXResourcesBuildPhase;
			buildActionMask = 2147483647;
			files = (
				2C1B25672244D96B00AD2E80 /* LaunchScreen.storyboard in Resources */,
				2C1B25642244D96B00AD2E80 /* Assets.xcassets in Resources */,
				2C1B255F2244D96A00AD2E80 /* Main.storyboard in Resources */,
			);
			runOnlyForDeploymentPostprocessing = 0;
		};
		2C1B256B2244D96B00AD2E80 /* Resources */ = {
			isa = PBXResourcesBuildPhase;
			buildActionMask = 2147483647;
			files = (
			);
			runOnlyForDeploymentPostprocessing = 0;
		};
		2C1B25762244D96B00AD2E80 /* Resources */ = {
			isa = PBXResourcesBuildPhase;
			buildActionMask = 2147483647;
			files = (
			);
			runOnlyForDeploymentPostprocessing = 0;
		};
/* End PBXResourcesBuildPhase section */

/* Begin PBXSourcesBuildPhase section */
		2C1B25522244D96A00AD2E80 /* Sources */ = {
			isa = PBXSourcesBuildPhase;
			buildActionMask = 2147483647;
			files = (
				C40D8473224B91C7007864CC /* ShowPersonViewController.swift in Sources */,
				C40D8479224BEA94007864CC /* PersonTableViewCell.swift in Sources */,
				C4E8ABA7224E5447007C0853 /* AddPersonTableViewCell.swift in Sources */,
				C40D8463224A1528007864CC /* ItTripSet.swift in Sources */,
				C4E220432253A6DD00750EC9 /* ItExpensePersonSet.swift in Sources */,
				2C1B25902244E28E00AD2E80 /* ItPersonSet.swift in Sources */,
				C4E2204522548BAE00750EC9 /* CheckUIButton.swift in Sources */,
				90361C12224A878B0062E27C /* PersonDAO.swift in Sources */,
				C410E09B2252C186002781CA /* ExpenseTableViewCell.swift in Sources */,
				2C1B258E2244E24000AD2E80 /* PersonSet.swift in Sources */,
				C40D8481224BFCF8007864CC /* PersonViewModel.swift in Sources */,
				C44C3E642249AAA000AAA767 /* EditTripViewController.swift in Sources */,
				C40D847D224BF770007864CC /* CreanceTableViewCell.swift in Sources */,
				2C1B255C2244D96A00AD2E80 /* ViewController.swift in Sources */,
				2C1B25622244D96A00AD2E80 /* swift_project.xcdatamodeld in Sources */,
				2C1B25982244EB1000AD2E80 /* ExpensePersonSet.swift in Sources */,
				2C1B258C2244E15700AD2E80 /* Person.swift in Sources */,
				C40D8483224D0B16007864CC /* TripViewModel.swift in Sources */,
				C40D8461224A136B007864CC /* TripSet.swift in Sources */,
				C40D847F224BFC2E007864CC /* ExpenseSetViewModel.swift in Sources */,
				C4E8ABA5224E2ED0007C0853 /* TripDAO.swift in Sources */,
				C40D8477224BB03F007864CC /* ExpensePersonDAO.swift in Sources */,
				C4E220362252DB1700750EC9 /* PaidByTableViewController.swift in Sources */,
				C410E0992252BD43002781CA /* ExpensesViewController.swift in Sources */,
				C4E22047225492FD00750EC9 /* PaidForTableViewController.swift in Sources */,
				C4E220382252DD0E00750EC9 /* PersonWhoPaidTableViewCell.swift in Sources */,
				C4E2203A2252DD3300750EC9 /* PersonWhoHaveToPayTableViewCell.swift in Sources */,
				2C1B25962244EAB200AD2E80 /* ExpensePerson.swift in Sources */,
				C4E220412253A69600750EC9 /* ItExpenseSet.swift in Sources */,
				C40D8467224A5F4A007864CC /* ExpenseTableViewController.swift in Sources */,
				C40D845F224A11D1007864CC /* CoreDataManager.swift in Sources */,
				C40D8475224B9740007864CC /* PersonSetViewModel.swift in Sources */,
				C40D846B224A6288007864CC /* ExpenseDAO.swift in Sources */,
				90C1A4F52253CA38008E0CCC /* showExpenseDetailViewController.swift in Sources */,
				90AF496822452DFA0090C242 /* TripSetViewModel.swift in Sources */,
				90B1EAE8224A2AE800A5C36A /* TripSetFetchController.swift in Sources */,
				C410E09D2252C6B5002781CA /* ExpensePersonSetViewModel.swift in Sources */,
				2C1B25922244E2C100AD2E80 /* Trip.swift in Sources */,
				2C1B259F2245261C00AD2E80 /* TripTableViewCell.swift in Sources */,
				C40D8485224D0E32007864CC /* TripSetViewModel2.swift in Sources */,
				2C1F600822495E7C00039118 /* NewTripViewController.swift in Sources */,
				C410E09F2252D17D002781CA /* AddExpenseViewController.swift in Sources */,
				C44C3E622249A19100AAA767 /* ShowTripViewController.swift in Sources */,
				2C1B259A2244FBAA00AD2E80 /* ExpenseSet.swift in Sources */,
				2C1B25942244E9C100AD2E80 /* Expense.swift in Sources */,
				2C1B255A2244D96A00AD2E80 /* AppDelegate.swift in Sources */,
			);
			runOnlyForDeploymentPostprocessing = 0;
		};
		2C1B25692244D96B00AD2E80 /* Sources */ = {
			isa = PBXSourcesBuildPhase;
			buildActionMask = 2147483647;
			files = (
				2C1B25722244D96B00AD2E80 /* swift_projectTests.swift in Sources */,
			);
			runOnlyForDeploymentPostprocessing = 0;
		};
		2C1B25742244D96B00AD2E80 /* Sources */ = {
			isa = PBXSourcesBuildPhase;
			buildActionMask = 2147483647;
			files = (
				2C1B257D2244D96B00AD2E80 /* swift_projectUITests.swift in Sources */,
			);
			runOnlyForDeploymentPostprocessing = 0;
		};
/* End PBXSourcesBuildPhase section */

/* Begin PBXTargetDependency section */
		2C1B256F2244D96B00AD2E80 /* PBXTargetDependency */ = {
			isa = PBXTargetDependency;
			target = 2C1B25552244D96A00AD2E80 /* swift_project */;
			targetProxy = 2C1B256E2244D96B00AD2E80 /* PBXContainerItemProxy */;
		};
		2C1B257A2244D96B00AD2E80 /* PBXTargetDependency */ = {
			isa = PBXTargetDependency;
			target = 2C1B25552244D96A00AD2E80 /* swift_project */;
			targetProxy = 2C1B25792244D96B00AD2E80 /* PBXContainerItemProxy */;
		};
/* End PBXTargetDependency section */

/* Begin PBXVariantGroup section */
		2C1B255D2244D96A00AD2E80 /* Main.storyboard */ = {
			isa = PBXVariantGroup;
			children = (
				2C1B255E2244D96A00AD2E80 /* Base */,
			);
			name = Main.storyboard;
			sourceTree = "<group>";
		};
		2C1B25652244D96B00AD2E80 /* LaunchScreen.storyboard */ = {
			isa = PBXVariantGroup;
			children = (
				2C1B25662244D96B00AD2E80 /* Base */,
			);
			name = LaunchScreen.storyboard;
			sourceTree = "<group>";
		};
/* End PBXVariantGroup section */

/* Begin XCBuildConfiguration section */
		2C1B257F2244D96B00AD2E80 /* Debug */ = {
			isa = XCBuildConfiguration;
			buildSettings = {
				ALWAYS_SEARCH_USER_PATHS = NO;
				CLANG_ANALYZER_NONNULL = YES;
				CLANG_ANALYZER_NUMBER_OBJECT_CONVERSION = YES_AGGRESSIVE;
				CLANG_CXX_LANGUAGE_STANDARD = "gnu++14";
				CLANG_CXX_LIBRARY = "libc++";
				CLANG_ENABLE_MODULES = YES;
				CLANG_ENABLE_OBJC_ARC = YES;
				CLANG_ENABLE_OBJC_WEAK = YES;
				CLANG_WARN_BLOCK_CAPTURE_AUTORELEASING = YES;
				CLANG_WARN_BOOL_CONVERSION = YES;
				CLANG_WARN_COMMA = YES;
				CLANG_WARN_CONSTANT_CONVERSION = YES;
				CLANG_WARN_DEPRECATED_OBJC_IMPLEMENTATIONS = YES;
				CLANG_WARN_DIRECT_OBJC_ISA_USAGE = YES_ERROR;
				CLANG_WARN_DOCUMENTATION_COMMENTS = YES;
				CLANG_WARN_EMPTY_BODY = YES;
				CLANG_WARN_ENUM_CONVERSION = YES;
				CLANG_WARN_INFINITE_RECURSION = YES;
				CLANG_WARN_INT_CONVERSION = YES;
				CLANG_WARN_NON_LITERAL_NULL_CONVERSION = YES;
				CLANG_WARN_OBJC_IMPLICIT_RETAIN_SELF = YES;
				CLANG_WARN_OBJC_LITERAL_CONVERSION = YES;
				CLANG_WARN_OBJC_ROOT_CLASS = YES_ERROR;
				CLANG_WARN_RANGE_LOOP_ANALYSIS = YES;
				CLANG_WARN_STRICT_PROTOTYPES = YES;
				CLANG_WARN_SUSPICIOUS_MOVE = YES;
				CLANG_WARN_UNGUARDED_AVAILABILITY = YES_AGGRESSIVE;
				CLANG_WARN_UNREACHABLE_CODE = YES;
				CLANG_WARN__DUPLICATE_METHOD_MATCH = YES;
				CODE_SIGN_IDENTITY = "iPhone Developer";
				COPY_PHASE_STRIP = NO;
				DEBUG_INFORMATION_FORMAT = dwarf;
				ENABLE_STRICT_OBJC_MSGSEND = YES;
				ENABLE_TESTABILITY = YES;
				GCC_C_LANGUAGE_STANDARD = gnu11;
				GCC_DYNAMIC_NO_PIC = NO;
				GCC_NO_COMMON_BLOCKS = YES;
				GCC_OPTIMIZATION_LEVEL = 0;
				GCC_PREPROCESSOR_DEFINITIONS = (
					"DEBUG=1",
					"$(inherited)",
				);
				GCC_WARN_64_TO_32_BIT_CONVERSION = YES;
				GCC_WARN_ABOUT_RETURN_TYPE = YES_ERROR;
				GCC_WARN_UNDECLARED_SELECTOR = YES;
				GCC_WARN_UNINITIALIZED_AUTOS = YES_AGGRESSIVE;
				GCC_WARN_UNUSED_FUNCTION = YES;
				GCC_WARN_UNUSED_VARIABLE = YES;
				IPHONEOS_DEPLOYMENT_TARGET = 12.1;
				MTL_ENABLE_DEBUG_INFO = INCLUDE_SOURCE;
				MTL_FAST_MATH = YES;
				ONLY_ACTIVE_ARCH = YES;
				SDKROOT = iphoneos;
				SWIFT_ACTIVE_COMPILATION_CONDITIONS = DEBUG;
				SWIFT_OPTIMIZATION_LEVEL = "-Onone";
			};
			name = Debug;
		};
		2C1B25802244D96B00AD2E80 /* Release */ = {
			isa = XCBuildConfiguration;
			buildSettings = {
				ALWAYS_SEARCH_USER_PATHS = NO;
				CLANG_ANALYZER_NONNULL = YES;
				CLANG_ANALYZER_NUMBER_OBJECT_CONVERSION = YES_AGGRESSIVE;
				CLANG_CXX_LANGUAGE_STANDARD = "gnu++14";
				CLANG_CXX_LIBRARY = "libc++";
				CLANG_ENABLE_MODULES = YES;
				CLANG_ENABLE_OBJC_ARC = YES;
				CLANG_ENABLE_OBJC_WEAK = YES;
				CLANG_WARN_BLOCK_CAPTURE_AUTORELEASING = YES;
				CLANG_WARN_BOOL_CONVERSION = YES;
				CLANG_WARN_COMMA = YES;
				CLANG_WARN_CONSTANT_CONVERSION = YES;
				CLANG_WARN_DEPRECATED_OBJC_IMPLEMENTATIONS = YES;
				CLANG_WARN_DIRECT_OBJC_ISA_USAGE = YES_ERROR;
				CLANG_WARN_DOCUMENTATION_COMMENTS = YES;
				CLANG_WARN_EMPTY_BODY = YES;
				CLANG_WARN_ENUM_CONVERSION = YES;
				CLANG_WARN_INFINITE_RECURSION = YES;
				CLANG_WARN_INT_CONVERSION = YES;
				CLANG_WARN_NON_LITERAL_NULL_CONVERSION = YES;
				CLANG_WARN_OBJC_IMPLICIT_RETAIN_SELF = YES;
				CLANG_WARN_OBJC_LITERAL_CONVERSION = YES;
				CLANG_WARN_OBJC_ROOT_CLASS = YES_ERROR;
				CLANG_WARN_RANGE_LOOP_ANALYSIS = YES;
				CLANG_WARN_STRICT_PROTOTYPES = YES;
				CLANG_WARN_SUSPICIOUS_MOVE = YES;
				CLANG_WARN_UNGUARDED_AVAILABILITY = YES_AGGRESSIVE;
				CLANG_WARN_UNREACHABLE_CODE = YES;
				CLANG_WARN__DUPLICATE_METHOD_MATCH = YES;
				CODE_SIGN_IDENTITY = "iPhone Developer";
				COPY_PHASE_STRIP = NO;
				DEBUG_INFORMATION_FORMAT = "dwarf-with-dsym";
				ENABLE_NS_ASSERTIONS = NO;
				ENABLE_STRICT_OBJC_MSGSEND = YES;
				GCC_C_LANGUAGE_STANDARD = gnu11;
				GCC_NO_COMMON_BLOCKS = YES;
				GCC_WARN_64_TO_32_BIT_CONVERSION = YES;
				GCC_WARN_ABOUT_RETURN_TYPE = YES_ERROR;
				GCC_WARN_UNDECLARED_SELECTOR = YES;
				GCC_WARN_UNINITIALIZED_AUTOS = YES_AGGRESSIVE;
				GCC_WARN_UNUSED_FUNCTION = YES;
				GCC_WARN_UNUSED_VARIABLE = YES;
				IPHONEOS_DEPLOYMENT_TARGET = 12.1;
				MTL_ENABLE_DEBUG_INFO = NO;
				MTL_FAST_MATH = YES;
				SDKROOT = iphoneos;
				SWIFT_COMPILATION_MODE = wholemodule;
				SWIFT_OPTIMIZATION_LEVEL = "-O";
				VALIDATE_PRODUCT = YES;
			};
			name = Release;
		};
		2C1B25822244D96B00AD2E80 /* Debug */ = {
			isa = XCBuildConfiguration;
			buildSettings = {
				ASSETCATALOG_COMPILER_APPICON_NAME = AppIcon;
				CODE_SIGN_STYLE = Automatic;
				DEVELOPMENT_TEAM = 3X25CQF9JC;
				INFOPLIST_FILE = swift_project/Info.plist;
				LD_RUNPATH_SEARCH_PATHS = (
					"$(inherited)",
					"@executable_path/Frameworks",
				);
				PRODUCT_BUNDLE_IDENTIFIER = "rs.swift-project";
				PRODUCT_NAME = "$(TARGET_NAME)";
				SWIFT_VERSION = 4.2;
				TARGETED_DEVICE_FAMILY = "1,2";
			};
			name = Debug;
		};
		2C1B25832244D96B00AD2E80 /* Release */ = {
			isa = XCBuildConfiguration;
			buildSettings = {
				ASSETCATALOG_COMPILER_APPICON_NAME = AppIcon;
				CODE_SIGN_STYLE = Automatic;
				DEVELOPMENT_TEAM = 3X25CQF9JC;
				INFOPLIST_FILE = swift_project/Info.plist;
				LD_RUNPATH_SEARCH_PATHS = (
					"$(inherited)",
					"@executable_path/Frameworks",
				);
				PRODUCT_BUNDLE_IDENTIFIER = "rs.swift-project";
				PRODUCT_NAME = "$(TARGET_NAME)";
				SWIFT_VERSION = 4.2;
				TARGETED_DEVICE_FAMILY = "1,2";
			};
			name = Release;
		};
		2C1B25852244D96B00AD2E80 /* Debug */ = {
			isa = XCBuildConfiguration;
			buildSettings = {
				ALWAYS_EMBED_SWIFT_STANDARD_LIBRARIES = YES;
				BUNDLE_LOADER = "$(TEST_HOST)";
				CODE_SIGN_STYLE = Automatic;
				INFOPLIST_FILE = swift_projectTests/Info.plist;
				LD_RUNPATH_SEARCH_PATHS = (
					"$(inherited)",
					"@executable_path/Frameworks",
					"@loader_path/Frameworks",
				);
				PRODUCT_BUNDLE_IDENTIFIER = "rs.swift-projectTests";
				PRODUCT_NAME = "$(TARGET_NAME)";
				SWIFT_VERSION = 4.2;
				TARGETED_DEVICE_FAMILY = "1,2";
				TEST_HOST = "$(BUILT_PRODUCTS_DIR)/swift_project.app/swift_project";
			};
			name = Debug;
		};
		2C1B25862244D96B00AD2E80 /* Release */ = {
			isa = XCBuildConfiguration;
			buildSettings = {
				ALWAYS_EMBED_SWIFT_STANDARD_LIBRARIES = YES;
				BUNDLE_LOADER = "$(TEST_HOST)";
				CODE_SIGN_STYLE = Automatic;
				INFOPLIST_FILE = swift_projectTests/Info.plist;
				LD_RUNPATH_SEARCH_PATHS = (
					"$(inherited)",
					"@executable_path/Frameworks",
					"@loader_path/Frameworks",
				);
				PRODUCT_BUNDLE_IDENTIFIER = "rs.swift-projectTests";
				PRODUCT_NAME = "$(TARGET_NAME)";
				SWIFT_VERSION = 4.2;
				TARGETED_DEVICE_FAMILY = "1,2";
				TEST_HOST = "$(BUILT_PRODUCTS_DIR)/swift_project.app/swift_project";
			};
			name = Release;
		};
		2C1B25882244D96B00AD2E80 /* Debug */ = {
			isa = XCBuildConfiguration;
			buildSettings = {
				ALWAYS_EMBED_SWIFT_STANDARD_LIBRARIES = YES;
				CODE_SIGN_STYLE = Automatic;
				INFOPLIST_FILE = swift_projectUITests/Info.plist;
				LD_RUNPATH_SEARCH_PATHS = (
					"$(inherited)",
					"@executable_path/Frameworks",
					"@loader_path/Frameworks",
				);
				PRODUCT_BUNDLE_IDENTIFIER = "rs.swift-projectUITests";
				PRODUCT_NAME = "$(TARGET_NAME)";
				SWIFT_VERSION = 4.2;
				TARGETED_DEVICE_FAMILY = "1,2";
				TEST_TARGET_NAME = swift_project;
			};
			name = Debug;
		};
		2C1B25892244D96B00AD2E80 /* Release */ = {
			isa = XCBuildConfiguration;
			buildSettings = {
				ALWAYS_EMBED_SWIFT_STANDARD_LIBRARIES = YES;
				CODE_SIGN_STYLE = Automatic;
				INFOPLIST_FILE = swift_projectUITests/Info.plist;
				LD_RUNPATH_SEARCH_PATHS = (
					"$(inherited)",
					"@executable_path/Frameworks",
					"@loader_path/Frameworks",
				);
				PRODUCT_BUNDLE_IDENTIFIER = "rs.swift-projectUITests";
				PRODUCT_NAME = "$(TARGET_NAME)";
				SWIFT_VERSION = 4.2;
				TARGETED_DEVICE_FAMILY = "1,2";
				TEST_TARGET_NAME = swift_project;
			};
			name = Release;
		};
/* End XCBuildConfiguration section */

/* Begin XCConfigurationList section */
		2C1B25512244D96A00AD2E80 /* Build configuration list for PBXProject "swift_project" */ = {
			isa = XCConfigurationList;
			buildConfigurations = (
				2C1B257F2244D96B00AD2E80 /* Debug */,
				2C1B25802244D96B00AD2E80 /* Release */,
			);
			defaultConfigurationIsVisible = 0;
			defaultConfigurationName = Release;
		};
		2C1B25812244D96B00AD2E80 /* Build configuration list for PBXNativeTarget "swift_project" */ = {
			isa = XCConfigurationList;
			buildConfigurations = (
				2C1B25822244D96B00AD2E80 /* Debug */,
				2C1B25832244D96B00AD2E80 /* Release */,
			);
			defaultConfigurationIsVisible = 0;
			defaultConfigurationName = Release;
		};
		2C1B25842244D96B00AD2E80 /* Build configuration list for PBXNativeTarget "swift_projectTests" */ = {
			isa = XCConfigurationList;
			buildConfigurations = (
				2C1B25852244D96B00AD2E80 /* Debug */,
				2C1B25862244D96B00AD2E80 /* Release */,
			);
			defaultConfigurationIsVisible = 0;
			defaultConfigurationName = Release;
		};
		2C1B25872244D96B00AD2E80 /* Build configuration list for PBXNativeTarget "swift_projectUITests" */ = {
			isa = XCConfigurationList;
			buildConfigurations = (
				2C1B25882244D96B00AD2E80 /* Debug */,
				2C1B25892244D96B00AD2E80 /* Release */,
			);
			defaultConfigurationIsVisible = 0;
			defaultConfigurationName = Release;
		};
/* End XCConfigurationList section */

/* Begin XCVersionGroup section */
		2C1B25602244D96A00AD2E80 /* swift_project.xcdatamodeld */ = {
			isa = XCVersionGroup;
			children = (
				2C1B25612244D96A00AD2E80 /* swift_project.xcdatamodel */,
			);
			currentVersion = 2C1B25612244D96A00AD2E80 /* swift_project.xcdatamodel */;
			path = swift_project.xcdatamodeld;
			sourceTree = "<group>";
			versionGroupType = wrapper.xcdatamodel;
		};
/* End XCVersionGroup section */
	};
	rootObject = 2C1B254E2244D96A00AD2E80 /* Project object */;
}
